// !$*UTF8*$!
{
	archiveVersion = 1;
	classes = {
	};
	objectVersion = 51;
	objects = {

/* Begin PBXBuildFile section */
		1BFAB550AD166EAE11480A41 /* Pods_ContactsApp.framework in Frameworks */ = {isa = PBXBuildFile; fileRef = 9F0D6D76285084B2E5172B9C /* Pods_ContactsApp.framework */; };
		ED2F298A27630EDF00D79458 /* ContactTableViewCell.swift in Sources */ = {isa = PBXBuildFile; fileRef = ED2F298927630EDF00D79458 /* ContactTableViewCell.swift */; };
		ED2F298F276317EE00D79458 /* EmptyContactTableViewCell.swift in Sources */ = {isa = PBXBuildFile; fileRef = ED2F298D276317EE00D79458 /* EmptyContactTableViewCell.swift */; };
		ED2F2990276317EE00D79458 /* EmptyContactTableViewCell.xib in Resources */ = {isa = PBXBuildFile; fileRef = ED2F298E276317EE00D79458 /* EmptyContactTableViewCell.xib */; };
		ED47DD3C2761AF5C0011E8DD /* Contact.swift in Sources */ = {isa = PBXBuildFile; fileRef = ED47DD3B2761AF5C0011E8DD /* Contact.swift */; };
		ED47DD432761B5610011E8DD /* ContactsViewController.swift in Sources */ = {isa = PBXBuildFile; fileRef = ED47DD422761B5610011E8DD /* ContactsViewController.swift */; };
		EDACE2AF2761AB79006943BD /* AppDelegate.swift in Sources */ = {isa = PBXBuildFile; fileRef = EDACE2AE2761AB79006943BD /* AppDelegate.swift */; };
		EDACE2B12761AB79006943BD /* SceneDelegate.swift in Sources */ = {isa = PBXBuildFile; fileRef = EDACE2B02761AB79006943BD /* SceneDelegate.swift */; };
		EDACE2B32761AB79006943BD /* ViewController.swift in Sources */ = {isa = PBXBuildFile; fileRef = EDACE2B22761AB79006943BD /* ViewController.swift */; };
		EDACE2B62761AB79006943BD /* Main.storyboard in Resources */ = {isa = PBXBuildFile; fileRef = EDACE2B42761AB79006943BD /* Main.storyboard */; };
		EDACE2B82761AB7D006943BD /* Assets.xcassets in Resources */ = {isa = PBXBuildFile; fileRef = EDACE2B72761AB7D006943BD /* Assets.xcassets */; };
		EDACE2BB2761AB7E006943BD /* LaunchScreen.storyboard in Resources */ = {isa = PBXBuildFile; fileRef = EDACE2B92761AB7E006943BD /* LaunchScreen.storyboard */; };
/* End PBXBuildFile section */

/* Begin PBXFileReference section */
		4C3AFCBFECB8A973692581DB /* Pods-ContactsApp.debug.xcconfig */ = {isa = PBXFileReference; includeInIndex = 1; lastKnownFileType = text.xcconfig; name = "Pods-ContactsApp.debug.xcconfig"; path = "Target Support Files/Pods-ContactsApp/Pods-ContactsApp.debug.xcconfig"; sourceTree = "<group>"; };
		9F0D6D76285084B2E5172B9C /* Pods_ContactsApp.framework */ = {isa = PBXFileReference; explicitFileType = wrapper.framework; includeInIndex = 0; path = Pods_ContactsApp.framework; sourceTree = BUILT_PRODUCTS_DIR; };
		D12563F174D9893A196B7569 /* Pods-ContactsApp.release.xcconfig */ = {isa = PBXFileReference; includeInIndex = 1; lastKnownFileType = text.xcconfig; name = "Pods-ContactsApp.release.xcconfig"; path = "Target Support Files/Pods-ContactsApp/Pods-ContactsApp.release.xcconfig"; sourceTree = "<group>"; };
		ED2F298927630EDF00D79458 /* ContactTableViewCell.swift */ = {isa = PBXFileReference; lastKnownFileType = sourcecode.swift; path = ContactTableViewCell.swift; sourceTree = "<group>"; };
		ED2F298D276317EE00D79458 /* EmptyContactTableViewCell.swift */ = {isa = PBXFileReference; lastKnownFileType = sourcecode.swift; path = EmptyContactTableViewCell.swift; sourceTree = "<group>"; };
		ED2F298E276317EE00D79458 /* EmptyContactTableViewCell.xib */ = {isa = PBXFileReference; lastKnownFileType = file.xib; path = EmptyContactTableViewCell.xib; sourceTree = "<group>"; };
		ED47DD3B2761AF5C0011E8DD /* Contact.swift */ = {isa = PBXFileReference; lastKnownFileType = sourcecode.swift; path = Contact.swift; sourceTree = "<group>"; };
		ED47DD422761B5610011E8DD /* ContactsViewController.swift */ = {isa = PBXFileReference; lastKnownFileType = sourcecode.swift; path = ContactsViewController.swift; sourceTree = "<group>"; };
		EDACE2AB2761AB79006943BD /* ContactsApp.app */ = {isa = PBXFileReference; explicitFileType = wrapper.application; includeInIndex = 0; path = ContactsApp.app; sourceTree = BUILT_PRODUCTS_DIR; };
		EDACE2AE2761AB79006943BD /* AppDelegate.swift */ = {isa = PBXFileReference; lastKnownFileType = sourcecode.swift; path = AppDelegate.swift; sourceTree = "<group>"; };
		EDACE2B02761AB79006943BD /* SceneDelegate.swift */ = {isa = PBXFileReference; lastKnownFileType = sourcecode.swift; path = SceneDelegate.swift; sourceTree = "<group>"; };
		EDACE2B22761AB79006943BD /* ViewController.swift */ = {isa = PBXFileReference; lastKnownFileType = sourcecode.swift; path = ViewController.swift; sourceTree = "<group>"; };
		EDACE2B52761AB79006943BD /* Base */ = {isa = PBXFileReference; lastKnownFileType = file.storyboard; name = Base; path = Base.lproj/Main.storyboard; sourceTree = "<group>"; };
		EDACE2B72761AB7D006943BD /* Assets.xcassets */ = {isa = PBXFileReference; lastKnownFileType = folder.assetcatalog; path = Assets.xcassets; sourceTree = "<group>"; };
		EDACE2BA2761AB7E006943BD /* Base */ = {isa = PBXFileReference; lastKnownFileType = file.storyboard; name = Base; path = Base.lproj/LaunchScreen.storyboard; sourceTree = "<group>"; };
		EDACE2BC2761AB7E006943BD /* Info.plist */ = {isa = PBXFileReference; lastKnownFileType = text.plist.xml; path = Info.plist; sourceTree = "<group>"; };
/* End PBXFileReference section */

/* Begin PBXFrameworksBuildPhase section */
		EDACE2A82761AB79006943BD /* Frameworks */ = {
			isa = PBXFrameworksBuildPhase;
			buildActionMask = 2147483647;
			files = (
				1BFAB550AD166EAE11480A41 /* Pods_ContactsApp.framework in Frameworks */,
			);
			runOnlyForDeploymentPostprocessing = 0;
		};
/* End PBXFrameworksBuildPhase section */

/* Begin PBXGroup section */
		07266D9FED7F3DB6CC77E285 /* Frameworks */ = {
			isa = PBXGroup;
			children = (
				9F0D6D76285084B2E5172B9C /* Pods_ContactsApp.framework */,
			);
			name = Frameworks;
			sourceTree = "<group>";
		};
		7D3EEAA22B743EAC41FE2E4C /* Pods */ = {
			isa = PBXGroup;
			children = (
				4C3AFCBFECB8A973692581DB /* Pods-ContactsApp.debug.xcconfig */,
				D12563F174D9893A196B7569 /* Pods-ContactsApp.release.xcconfig */,
			);
			path = Pods;
			sourceTree = "<group>";
		};
		ED2F2991276317F600D79458 /* CustomViews */ = {
			isa = PBXGroup;
			children = (
				ED2F298D276317EE00D79458 /* EmptyContactTableViewCell.swift */,
				ED2F298E276317EE00D79458 /* EmptyContactTableViewCell.xib */,
			);
			path = CustomViews;
			sourceTree = "<group>";
		};
		ED47DD3D2761AFF70011E8DD /* Model */ = {
			isa = PBXGroup;
			children = (
				ED47DD3B2761AF5C0011E8DD /* Contact.swift */,
			);
			path = Model;
			sourceTree = "<group>";
		};
		ED47DD3E2761B0090011E8DD /* View */ = {
			isa = PBXGroup;
			children = (
				EDACE2B42761AB79006943BD /* Main.storyboard */,
				ED2F298927630EDF00D79458 /* ContactTableViewCell.swift */,
				ED2F2991276317F600D79458 /* CustomViews */,
			);
			path = View;
			sourceTree = "<group>";
		};
		ED47DD3F2761B0160011E8DD /* Controller */ = {
			isa = PBXGroup;
			children = (
				EDACE2B22761AB79006943BD /* ViewController.swift */,
				ED47DD422761B5610011E8DD /* ContactsViewController.swift */,
			);
			path = Controller;
			sourceTree = "<group>";
		};
		EDACE2A22761AB79006943BD = {
			isa = PBXGroup;
			children = (
				EDACE2AD2761AB79006943BD /* ContactsApp */,
				EDACE2AC2761AB79006943BD /* Products */,
				7D3EEAA22B743EAC41FE2E4C /* Pods */,
				07266D9FED7F3DB6CC77E285 /* Frameworks */,
			);
			sourceTree = "<group>";
		};
		EDACE2AC2761AB79006943BD /* Products */ = {
			isa = PBXGroup;
			children = (
				EDACE2AB2761AB79006943BD /* ContactsApp.app */,
			);
			name = Products;
			sourceTree = "<group>";
		};
		EDACE2AD2761AB79006943BD /* ContactsApp */ = {
			isa = PBXGroup;
			children = (
				EDACE2AE2761AB79006943BD /* AppDelegate.swift */,
				EDACE2B02761AB79006943BD /* SceneDelegate.swift */,
				ED47DD3D2761AFF70011E8DD /* Model */,
				ED47DD3F2761B0160011E8DD /* Controller */,
				ED47DD3E2761B0090011E8DD /* View */,
				EDACE2B72761AB7D006943BD /* Assets.xcassets */,
				EDACE2B92761AB7E006943BD /* LaunchScreen.storyboard */,
				EDACE2BC2761AB7E006943BD /* Info.plist */,
			);
			path = ContactsApp;
			sourceTree = "<group>";
		};
/* End PBXGroup section */

/* Begin PBXNativeTarget section */
		EDACE2AA2761AB79006943BD /* ContactsApp */ = {
			isa = PBXNativeTarget;
			buildConfigurationList = EDACE2BF2761AB7E006943BD /* Build configuration list for PBXNativeTarget "ContactsApp" */;
			buildPhases = (
				B9A433BA5FD9B80213036D50 /* [CP] Check Pods Manifest.lock */,
				EDACE2A72761AB79006943BD /* Sources */,
				EDACE2A82761AB79006943BD /* Frameworks */,
				EDACE2A92761AB79006943BD /* Resources */,
				0769F63978FF2F77B3549BEA /* [CP] Embed Pods Frameworks */,
			);
			buildRules = (
			);
			dependencies = (
			);
			name = ContactsApp;
			productName = ContactsApp;
			productReference = EDACE2AB2761AB79006943BD /* ContactsApp.app */;
			productType = "com.apple.product-type.application";
		};
/* End PBXNativeTarget section */

/* Begin PBXProject section */
		EDACE2A32761AB79006943BD /* Project object */ = {
			isa = PBXProject;
			attributes = {
				LastSwiftUpdateCheck = 1250;
				LastUpgradeCheck = 1250;
				TargetAttributes = {
					EDACE2AA2761AB79006943BD = {
						CreatedOnToolsVersion = 12.5.1;
					};
				};
			};
			buildConfigurationList = EDACE2A62761AB79006943BD /* Build configuration list for PBXProject "ContactsApp" */;
			compatibilityVersion = "Xcode 9.3";
			developmentRegion = en;
			hasScannedForEncodings = 0;
			knownRegions = (
				en,
				Base,
			);
			mainGroup = EDACE2A22761AB79006943BD;
			productRefGroup = EDACE2AC2761AB79006943BD /* Products */;
			projectDirPath = "";
			projectRoot = "";
			targets = (
				EDACE2AA2761AB79006943BD /* ContactsApp */,
			);
		};
/* End PBXProject section */

/* Begin PBXResourcesBuildPhase section */
		EDACE2A92761AB79006943BD /* Resources */ = {
			isa = PBXResourcesBuildPhase;
			buildActionMask = 2147483647;
			files = (
				ED2F2990276317EE00D79458 /* EmptyContactTableViewCell.xib in Resources */,
				EDACE2BB2761AB7E006943BD /* LaunchScreen.storyboard in Resources */,
				EDACE2B82761AB7D006943BD /* Assets.xcassets in Resources */,
				EDACE2B62761AB79006943BD /* Main.storyboard in Resources */,
			);
			runOnlyForDeploymentPostprocessing = 0;
		};
/* End PBXResourcesBuildPhase section */

/* Begin PBXShellScriptBuildPhase section */
		0769F63978FF2F77B3549BEA /* [CP] Embed Pods Frameworks */ = {
			isa = PBXShellScriptBuildPhase;
			buildActionMask = 2147483647;
			files = (
			);
			inputFileListPaths = (
				"${PODS_ROOT}/Target Support Files/Pods-ContactsApp/Pods-ContactsApp-frameworks-${CONFIGURATION}-input-files.xcfilelist",
			);
			name = "[CP] Embed Pods Frameworks";
			outputFileListPaths = (
				"${PODS_ROOT}/Target Support Files/Pods-ContactsApp/Pods-ContactsApp-frameworks-${CONFIGURATION}-output-files.xcfilelist",
			);
			runOnlyForDeploymentPostprocessing = 0;
			shellPath = /bin/sh;
			shellScript = "\"${PODS_ROOT}/Target Support Files/Pods-ContactsApp/Pods-ContactsApp-frameworks.sh\"\n";
			showEnvVarsInLog = 0;
		};
		B9A433BA5FD9B80213036D50 /* [CP] Check Pods Manifest.lock */ = {
			isa = PBXShellScriptBuildPhase;
			buildActionMask = 2147483647;
			files = (
			);
			inputFileListPaths = (
			);
			inputPaths = (
				"${PODS_PODFILE_DIR_PATH}/Podfile.lock",
				"${PODS_ROOT}/Manifest.lock",
			);
			name = "[CP] Check Pods Manifest.lock";
			outputFileListPaths = (
			);
			outputPaths = (
				"$(DERIVED_FILE_DIR)/Pods-ContactsApp-checkManifestLockResult.txt",
			);
			runOnlyForDeploymentPostprocessing = 0;
			shellPath = /bin/sh;
			shellScript = "diff \"${PODS_PODFILE_DIR_PATH}/Podfile.lock\" \"${PODS_ROOT}/Manifest.lock\" > /dev/null\nif [ $? != 0 ] ; then\n    # print error to STDERR\n    echo \"error: The sandbox is not in sync with the Podfile.lock. Run 'pod install' or update your CocoaPods installation.\" >&2\n    exit 1\nfi\n# This output is used by Xcode 'outputs' to avoid re-running this script phase.\necho \"SUCCESS\" > \"${SCRIPT_OUTPUT_FILE_0}\"\n";
			showEnvVarsInLog = 0;
		};
/* End PBXShellScriptBuildPhase section */

/* Begin PBXSourcesBuildPhase section */
		EDACE2A72761AB79006943BD /* Sources */ = {
			isa = PBXSourcesBuildPhase;
			buildActionMask = 2147483647;
			files = (
				ED2F298A27630EDF00D79458 /* ContactTableViewCell.swift in Sources */,
				ED47DD3C2761AF5C0011E8DD /* Contact.swift in Sources */,
				EDACE2B32761AB79006943BD /* ViewController.swift in Sources */,
				EDACE2AF2761AB79006943BD /* AppDelegate.swift in Sources */,
				EDACE2B12761AB79006943BD /* SceneDelegate.swift in Sources */,
				ED2F298F276317EE00D79458 /* EmptyContactTableViewCell.swift in Sources */,
				ED47DD432761B5610011E8DD /* ContactsViewController.swift in Sources */,
			);
			runOnlyForDeploymentPostprocessing = 0;
		};
/* End PBXSourcesBuildPhase section */

/* Begin PBXVariantGroup section */
		EDACE2B42761AB79006943BD /* Main.storyboard */ = {
			isa = PBXVariantGroup;
			children = (
				EDACE2B52761AB79006943BD /* Base */,
			);
			name = Main.storyboard;
			sourceTree = "<group>";
		};
		EDACE2B92761AB7E006943BD /* LaunchScreen.storyboard */ = {
			isa = PBXVariantGroup;
			children = (
				EDACE2BA2761AB7E006943BD /* Base */,
			);
			name = LaunchScreen.storyboard;
			sourceTree = "<group>";
		};
/* End PBXVariantGroup section */

/* Begin XCBuildConfiguration section */
		EDACE2BD2761AB7E006943BD /* Debug */ = {
			isa = XCBuildConfiguration;
			buildSettings = {
				ALWAYS_SEARCH_USER_PATHS = NO;
				CLANG_ANALYZER_NONNULL = YES;
				CLANG_ANALYZER_NUMBER_OBJECT_CONVERSION = YES_AGGRESSIVE;
				CLANG_CXX_LANGUAGE_STANDARD = "gnu++14";
				CLANG_CXX_LIBRARY = "libc++";
				CLANG_ENABLE_MODULES = YES;
				CLANG_ENABLE_OBJC_ARC = YES;
				CLANG_ENABLE_OBJC_WEAK = YES;
				CLANG_WARN_BLOCK_CAPTURE_AUTORELEASING = YES;
				CLANG_WARN_BOOL_CONVERSION = YES;
				CLANG_WARN_COMMA = YES;
				CLANG_WARN_CONSTANT_CONVERSION = YES;
				CLANG_WARN_DEPRECATED_OBJC_IMPLEMENTATIONS = YES;
				CLANG_WARN_DIRECT_OBJC_ISA_USAGE = YES_ERROR;
				CLANG_WARN_DOCUMENTATION_COMMENTS = YES;
				CLANG_WARN_EMPTY_BODY = YES;
				CLANG_WARN_ENUM_CONVERSION = YES;
				CLANG_WARN_INFINITE_RECURSION = YES;
				CLANG_WARN_INT_CONVERSION = YES;
				CLANG_WARN_NON_LITERAL_NULL_CONVERSION = YES;
				CLANG_WARN_OBJC_IMPLICIT_RETAIN_SELF = YES;
				CLANG_WARN_OBJC_LITERAL_CONVERSION = YES;
				CLANG_WARN_OBJC_ROOT_CLASS = YES_ERROR;
				CLANG_WARN_QUOTED_INCLUDE_IN_FRAMEWORK_HEADER = YES;
				CLANG_WARN_RANGE_LOOP_ANALYSIS = YES;
				CLANG_WARN_STRICT_PROTOTYPES = YES;
				CLANG_WARN_SUSPICIOUS_MOVE = YES;
				CLANG_WARN_UNGUARDED_AVAILABILITY = YES_AGGRESSIVE;
				CLANG_WARN_UNREACHABLE_CODE = YES;
				CLANG_WARN__DUPLICATE_METHOD_MATCH = YES;
				COPY_PHASE_STRIP = NO;
				DEBUG_INFORMATION_FORMAT = dwarf;
				ENABLE_STRICT_OBJC_MSGSEND = YES;
				ENABLE_TESTABILITY = YES;
				GCC_C_LANGUAGE_STANDARD = gnu11;
				GCC_DYNAMIC_NO_PIC = NO;
				GCC_NO_COMMON_BLOCKS = YES;
				GCC_OPTIMIZATION_LEVEL = 0;
				GCC_PREPROCESSOR_DEFINITIONS = (
					"DEBUG=1",
					"$(inherited)",
				);
				GCC_WARN_64_TO_32_BIT_CONVERSION = YES;
				GCC_WARN_ABOUT_RETURN_TYPE = YES_ERROR;
				GCC_WARN_UNDECLARED_SELECTOR = YES;
				GCC_WARN_UNINITIALIZED_AUTOS = YES_AGGRESSIVE;
				GCC_WARN_UNUSED_FUNCTION = YES;
				GCC_WARN_UNUSED_VARIABLE = YES;
				IPHONEOS_DEPLOYMENT_TARGET = 14.5;
				MTL_ENABLE_DEBUG_INFO = INCLUDE_SOURCE;
				MTL_FAST_MATH = YES;
				ONLY_ACTIVE_ARCH = YES;
				SDKROOT = iphoneos;
				SWIFT_ACTIVE_COMPILATION_CONDITIONS = DEBUG;
				SWIFT_OPTIMIZATION_LEVEL = "-Onone";
			};
			name = Debug;
		};
		EDACE2BE2761AB7E006943BD /* Release */ = {
			isa = XCBuildConfiguration;
			buildSettings = {
				ALWAYS_SEARCH_USER_PATHS = NO;
				CLANG_ANALYZER_NONNULL = YES;
				CLANG_ANALYZER_NUMBER_OBJECT_CONVERSION = YES_AGGRESSIVE;
				CLANG_CXX_LANGUAGE_STANDARD = "gnu++14";
				CLANG_CXX_LIBRARY = "libc++";
				CLANG_ENABLE_MODULES = YES;
				CLANG_ENABLE_OBJC_ARC = YES;
				CLANG_ENABLE_OBJC_WEAK = YES;
				CLANG_WARN_BLOCK_CAPTURE_AUTORELEASING = YES;
				CLANG_WARN_BOOL_CONVERSION = YES;
				CLANG_WARN_COMMA = YES;
				CLANG_WARN_CONSTANT_CONVERSION = YES;
				CLANG_WARN_DEPRECATED_OBJC_IMPLEMENTATIONS = YES;
				CLANG_WARN_DIRECT_OBJC_ISA_USAGE = YES_ERROR;
				CLANG_WARN_DOCUMENTATION_COMMENTS = YES;
				CLANG_WARN_EMPTY_BODY = YES;
				CLANG_WARN_ENUM_CONVERSION = YES;
				CLANG_WARN_INFINITE_RECURSION = YES;
				CLANG_WARN_INT_CONVERSION = YES;
				CLANG_WARN_NON_LITERAL_NULL_CONVERSION = YES;
				CLANG_WARN_OBJC_IMPLICIT_RETAIN_SELF = YES;
				CLANG_WARN_OBJC_LITERAL_CONVERSION = YES;
				CLANG_WARN_OBJC_ROOT_CLASS = YES_ERROR;
				CLANG_WARN_QUOTED_INCLUDE_IN_FRAMEWORK_HEADER = YES;
				CLANG_WARN_RANGE_LOOP_ANALYSIS = YES;
				CLANG_WARN_STRICT_PROTOTYPES = YES;
				CLANG_WARN_SUSPICIOUS_MOVE = YES;
				CLANG_WARN_UNGUARDED_AVAILABILITY = YES_AGGRESSIVE;
				CLANG_WARN_UNREACHABLE_CODE = YES;
				CLANG_WARN__DUPLICATE_METHOD_MATCH = YES;
				COPY_PHASE_STRIP = NO;
				DEBUG_INFORMATION_FORMAT = "dwarf-with-dsym";
				ENABLE_NS_ASSERTIONS = NO;
				ENABLE_STRICT_OBJC_MSGSEND = YES;
				GCC_C_LANGUAGE_STANDARD = gnu11;
				GCC_NO_COMMON_BLOCKS = YES;
				GCC_WARN_64_TO_32_BIT_CONVERSION = YES;
				GCC_WARN_ABOUT_RETURN_TYPE = YES_ERROR;
				GCC_WARN_UNDECLARED_SELECTOR = YES;
				GCC_WARN_UNINITIALIZED_AUTOS = YES_AGGRESSIVE;
				GCC_WARN_UNUSED_FUNCTION = YES;
				GCC_WARN_UNUSED_VARIABLE = YES;
				IPHONEOS_DEPLOYMENT_TARGET = 14.5;
				MTL_ENABLE_DEBUG_INFO = NO;
				MTL_FAST_MATH = YES;
				SDKROOT = iphoneos;
				SWIFT_COMPILATION_MODE = wholemodule;
				SWIFT_OPTIMIZATION_LEVEL = "-O";
				VALIDATE_PRODUCT = YES;
			};
			name = Release;
		};
		EDACE2C02761AB7E006943BD /* Debug */ = {
			isa = XCBuildConfiguration;
			baseConfigurationReference = 4C3AFCBFECB8A973692581DB /* Pods-ContactsApp.debug.xcconfig */;
			buildSettings = {
				ASSETCATALOG_COMPILER_APPICON_NAME = AppIcon;
				ASSETCATALOG_COMPILER_GLOBAL_ACCENT_COLOR_NAME = AccentColor;
				CODE_SIGN_STYLE = Automatic;
				DEVELOPMENT_TEAM = G387Y8424R;
				INFOPLIST_FILE = ContactsApp/Info.plist;
				LD_RUNPATH_SEARCH_PATHS = (
					"$(inherited)",
					"@executable_path/Frameworks",
				);
				PRODUCT_BUNDLE_IDENTIFIER = com.plotpoint.ContactsApp;
				PRODUCT_NAME = "$(TARGET_NAME)";
				SWIFT_VERSION = 5.0;
				TARGETED_DEVICE_FAMILY = "1,2";
			};
			name = Debug;
		};
		EDACE2C12761AB7E006943BD /* Release */ = {
			isa = XCBuildConfiguration;
			baseConfigurationReference = D12563F174D9893A196B7569 /* Pods-ContactsApp.release.xcconfig */;
			buildSettings = {
				ASSETCATALOG_COMPILER_APPICON_NAME = AppIcon;
				ASSETCATALOG_COMPILER_GLOBAL_ACCENT_COLOR_NAME = AccentColor;
				CODE_SIGN_STYLE = Automatic;
				DEVELOPMENT_TEAM = G387Y8424R;
				INFOPLIST_FILE = ContactsApp/Info.plist;
				LD_RUNPATH_SEARCH_PATHS = (
					"$(inherited)",
					"@executable_path/Frameworks",
				);
				PRODUCT_BUNDLE_IDENTIFIER = com.plotpoint.ContactsApp;
				PRODUCT_NAME = "$(TARGET_NAME)";
				SWIFT_VERSION = 5.0;
				TARGETED_DEVICE_FAMILY = "1,2";
			};
			name = Release;
		};
/* End XCBuildConfiguration section */

/* Begin XCConfigurationList section */
		EDACE2A62761AB79006943BD /* Build configuration list for PBXProject "ContactsApp" */ = {
			isa = XCConfigurationList;
			buildConfigurations = (
				EDACE2BD2761AB7E006943BD /* Debug */,
				EDACE2BE2761AB7E006943BD /* Release */,
			);
			defaultConfigurationIsVisible = 0;
			defaultConfigurationName = Release;
		};
		EDACE2BF2761AB7E006943BD /* Build configuration list for PBXNativeTarget "ContactsApp" */ = {
			isa = XCConfigurationList;
			buildConfigurations = (
				EDACE2C02761AB7E006943BD /* Debug */,
				EDACE2C12761AB7E006943BD /* Release */,
			);
			defaultConfigurationIsVisible = 0;
			defaultConfigurationName = Release;
		};
/* End XCConfigurationList section */
	};
	rootObject = EDACE2A32761AB79006943BD /* Project object */;
}
